
Microsoft Visual Studio Solution File, Format Version 12.00
# Visual Studio Version 16
VisualStudioVersion = 16.0.33927.289
MinimumVisualStudioVersion = 10.0.40219.1
Project("{FAE04EC0-301F-11D3-BF4B-00C04F79EFBC}") = "FichaTecnicaFacil", "FichaTecnicaFacil\FichaTecnicaFacil.csproj", "{3CBAAD44-CE8C-467E-A158-663A4ADEB32A}"
EndProject
Global
	GlobalSection(SolutionConfigurationPlatforms) = preSolution
		Debug|Any CPU = Debug|Any CPU
		Release|Any CPU = Release|Any CPU
	EndGlobalSection
	GlobalSection(ProjectConfigurationPlatforms) = postSolution
		{3CBAAD44-CE8C-467E-A158-663A4ADEB32A}.Debug|Any CPU.ActiveCfg = Debug|Any CPU
		{3CBAAD44-CE8C-467E-A158-663A4ADEB32A}.Debug|Any CPU.Build.0 = Debug|Any CPU
		{3CBAAD44-CE8C-467E-A158-663A4ADEB32A}.Release|Any CPU.ActiveCfg = Release|Any CPU
		{3CBAAD44-CE8C-467E-A158-663A4ADEB32A}.Release|Any CPU.Build.0 = Release|Any CPU
	EndGlobalSection
	GlobalSection(SolutionProperties) = preSolution
		HideSolutionNode = FALSE
	EndGlobalSection
	GlobalSection(ExtensibilityGlobals) = postSolution
		SolutionGuid = {7B34861E-9DAD-458F-AD0F-92B271AAA062}
	EndGlobalSection
EndGlobal
